
Microsoft Visual Studio Solution File, Format Version 12.00
# Visual Studio Version 17
VisualStudioVersion = 17.3.32819.101
MinimumVisualStudioVersion = 10.0.40219.1
Project("{FAE04EC0-301F-11D3-BF4B-00C04F79EFBC}") = "Interactice_cube", "Interactice_cube\Interactice_cube.csproj", "{D6C9AA99-0EA6-4B49-A0E0-3E0C2545BCC8}"
EndProject
Global
	GlobalSection(SolutionConfigurationPlatforms) = preSolution
		Debug|Any CPU = Debug|Any CPU
		Release|Any CPU = Release|Any CPU
	EndGlobalSection
	GlobalSection(ProjectConfigurationPlatforms) = postSolution
		{D6C9AA99-0EA6-4B49-A0E0-3E0C2545BCC8}.Debug|Any CPU.ActiveCfg = Debug|Any CPU
		{D6C9AA99-0EA6-4B49-A0E0-3E0C2545BCC8}.Debug|Any CPU.Build.0 = Debug|Any CPU
		{D6C9AA99-0EA6-4B49-A0E0-3E0C2545BCC8}.Release|Any CPU.ActiveCfg = Release|Any CPU
		{D6C9AA99-0EA6-4B49-A0E0-3E0C2545BCC8}.Release|Any CPU.Build.0 = Release|Any CPU
	EndGlobalSection
	GlobalSection(SolutionProperties) = preSolution
		HideSolutionNode = FALSE
	EndGlobalSection
	GlobalSection(ExtensibilityGlobals) = postSolution
		SolutionGuid = {68929C85-24BD-409A-954B-B0522DAA9BBA}
	EndGlobalSection
EndGlobal
